
Microsoft Visual Studio Solution File, Format Version 12.00
# Visual Studio Version 17
VisualStudioVersion = 17.14.36221.1 d17.14
MinimumVisualStudioVersion = 10.0.40219.1
Project("{FAE04EC0-301F-11D3-BF4B-00C04F79EFBC}") = "Models", "Models\Models.csproj", "{C3A64F7D-2802-4305-B6DE-AB9FE9562BA0}"
EndProject
Project("{FAE04EC0-301F-11D3-BF4B-00C04F79EFBC}") = "WebService", "WebService\WebService.csproj", "{0AF42CA1-A91B-4E34-9B92-AD119F019160}"
EndProject
Global
	GlobalSection(SolutionConfigurationPlatforms) = preSolution
		Debug|Any CPU = Debug|Any CPU
		Release|Any CPU = Release|Any CPU
	EndGlobalSection
	GlobalSection(ProjectConfigurationPlatforms) = postSolution
		{C3A64F7D-2802-4305-B6DE-AB9FE9562BA0}.Debug|Any CPU.ActiveCfg = Debug|Any CPU
		{C3A64F7D-2802-4305-B6DE-AB9FE9562BA0}.Debug|Any CPU.Build.0 = Debug|Any CPU
		{C3A64F7D-2802-4305-B6DE-AB9FE9562BA0}.Release|Any CPU.ActiveCfg = Release|Any CPU
		{C3A64F7D-2802-4305-B6DE-AB9FE9562BA0}.Release|Any CPU.Build.0 = Release|Any CPU
		{0AF42CA1-A91B-4E34-9B92-AD119F019160}.Debug|Any CPU.ActiveCfg = Debug|Any CPU
		{0AF42CA1-A91B-4E34-9B92-AD119F019160}.Debug|Any CPU.Build.0 = Debug|Any CPU
		{0AF42CA1-A91B-4E34-9B92-AD119F019160}.Release|Any CPU.ActiveCfg = Release|Any CPU
		{0AF42CA1-A91B-4E34-9B92-AD119F019160}.Release|Any CPU.Build.0 = Release|Any CPU
	EndGlobalSection
	GlobalSection(SolutionProperties) = preSolution
		HideSolutionNode = FALSE
	EndGlobalSection
	GlobalSection(ExtensibilityGlobals) = postSolution
		SolutionGuid = {6F48FC63-D2BF-4160-ABE8-AE47DF9A006E}
	EndGlobalSection
EndGlobal
